
Microsoft Visual Studio Solution File, Format Version 12.00
# Visual Studio 15
VisualStudioVersion = 15.0.27130.2020
MinimumVisualStudioVersion = 10.0.40219.1
Project("{FAE04EC0-301F-11D3-BF4B-00C04F79EFBC}") = "DataAccessLibrary", "DataAccessLibrary\DataAccessLibrary.csproj", "{33C67ED9-5F70-4179-A125-34754310FDA6}"
EndProject
Project("{FAE04EC0-301F-11D3-BF4B-00C04F79EFBC}") = "BusinessLibrary", "BusinessLibrary\BusinessLibrary.csproj", "{8A1365BA-457B-4131-8FD0-52A2A64293E0}"
EndProject
Global
	GlobalSection(SolutionConfigurationPlatforms) = preSolution
		Debug|Any CPU = Debug|Any CPU
		Release|Any CPU = Release|Any CPU
	EndGlobalSection
	GlobalSection(ProjectConfigurationPlatforms) = postSolution
		{33C67ED9-5F70-4179-A125-34754310FDA6}.Debug|Any CPU.ActiveCfg = Debug|Any CPU
		{33C67ED9-5F70-4179-A125-34754310FDA6}.Debug|Any CPU.Build.0 = Debug|Any CPU
		{33C67ED9-5F70-4179-A125-34754310FDA6}.Release|Any CPU.ActiveCfg = Release|Any CPU
		{33C67ED9-5F70-4179-A125-34754310FDA6}.Release|Any CPU.Build.0 = Release|Any CPU
		{8A1365BA-457B-4131-8FD0-52A2A64293E0}.Debug|Any CPU.ActiveCfg = Debug|Any CPU
		{8A1365BA-457B-4131-8FD0-52A2A64293E0}.Debug|Any CPU.Build.0 = Debug|Any CPU
		{8A1365BA-457B-4131-8FD0-52A2A64293E0}.Release|Any CPU.ActiveCfg = Release|Any CPU
		{8A1365BA-457B-4131-8FD0-52A2A64293E0}.Release|Any CPU.Build.0 = Release|Any CPU
	EndGlobalSection
	GlobalSection(SolutionProperties) = preSolution
		HideSolutionNode = FALSE
	EndGlobalSection
	GlobalSection(ExtensibilityGlobals) = postSolution
		SolutionGuid = {7745ADA7-9D50-4689-AA47-254D017992A1}
	EndGlobalSection
EndGlobal
